
Microsoft Visual Studio Solution File, Format Version 12.00
# Visual Studio 2015
Project("{FAE04EC0-301F-11D3-BF4B-00C04F79EFBC}") = "COMP521A2ZainVirani260567997", "COMP521A2ZainVirani260567997.csproj", "{970EF6BF-D31D-1BB6-4354-6B1A154DB426}"
EndProject
Global
	GlobalSection(SolutionConfigurationPlatforms) = preSolution
		Debug|Any CPU = Debug|Any CPU
		Release|Any CPU = Release|Any CPU
	EndGlobalSection
	GlobalSection(ProjectConfigurationPlatforms) = postSolution
		{970EF6BF-D31D-1BB6-4354-6B1A154DB426}.Debug|Any CPU.ActiveCfg = Debug|Any CPU
		{970EF6BF-D31D-1BB6-4354-6B1A154DB426}.Debug|Any CPU.Build.0 = Debug|Any CPU
		{970EF6BF-D31D-1BB6-4354-6B1A154DB426}.Release|Any CPU.ActiveCfg = Release|Any CPU
		{970EF6BF-D31D-1BB6-4354-6B1A154DB426}.Release|Any CPU.Build.0 = Release|Any CPU
	EndGlobalSection
	GlobalSection(SolutionProperties) = preSolution
		HideSolutionNode = FALSE
	EndGlobalSection
EndGlobal
